
Microsoft Visual Studio Solution File, Format Version 12.00
# Visual Studio Version 17
VisualStudioVersion = 17.8.34330.188
MinimumVisualStudioVersion = 10.0.40219.1
Project("{2150E333-8FDC-42A3-9474-1A3956D46DE8}") = "Solution Items", "Solution Items", "{3BC065EE-DBC6-4E56-BAA1-43191A65C70B}"
	ProjectSection(SolutionItems) = preProject
		.clang-format = .clang-format
		.clang-tidy = .clang-tidy
		.gitignore = .gitignore
		.gitmodules = .gitmodules
		ClassDiagram.png = ClassDiagram.png
		README.md = README.md
	EndProjectSection
EndProject
Project("{8BC9CEB8-8B4A-11D0-8D11-00A0C91BC942}") = "uint_test", "tests\uint_test\uint_test.vcxproj", "{BAA1C108-C83A-4CA9-933F-1BAB448A97DF}"
	ProjectSection(ProjectDependencies) = postProject
		{47B4D5F0-D710-4A7C-B859-EAD6DD505BEF} = {47B4D5F0-D710-4A7C-B859-EAD6DD505BEF}
	EndProjectSection
EndProject
Project("{8BC9CEB8-8B4A-11D0-8D11-00A0C91BC942}") = "src", "src\src.vcxproj", "{47B4D5F0-D710-4A7C-B859-EAD6DD505BEF}"
EndProject
Project("{8BC9CEB8-8B4A-11D0-8D11-00A0C91BC942}") = "field_test", "tests\field_test\field_test.vcxproj", "{5F75FC5F-8E1D-46CC-B65E-1073587D42A8}"
EndProject
Project("{8BC9CEB8-8B4A-11D0-8D11-00A0C91BC942}") = "elliptic_curve_test", "tests\elliptic_curve_test\elliptic_curve_test.vcxproj", "{3B06BBF8-C792-48C2-94FC-E5016E0010BE}"
EndProject
Project("{8BC9CEB8-8B4A-11D0-8D11-00A0C91BC942}") = "ecdsa_test", "tests\ecdsa_test\ecdsa_test.vcxproj", "{519ADC6D-3F92-4FD0-9F7D-E4F3C33E0A25}"
	ProjectSection(ProjectDependencies) = postProject
		{47B4D5F0-D710-4A7C-B859-EAD6DD505BEF} = {47B4D5F0-D710-4A7C-B859-EAD6DD505BEF}
	EndProjectSection
EndProject
Project("{8BC9CEB8-8B4A-11D0-8D11-00A0C91BC942}") = "specialization", "specialization\specialization.vcxproj", "{A5E2DCA0-4A07-4C1E-A87C-488BE9403F27}"
EndProject
Project("{8BC9CEB8-8B4A-11D0-8D11-00A0C91BC942}") = "elgamal_test", "tests\elgamal_test\elgamal_test.vcxproj", "{F915643D-ADA9-4ED3-AADF-FB722B7B2661}"
EndProject
Project("{2150E333-8FDC-42A3-9474-1A3956D46DE8}") = "guide", "guide", "{FD225C5F-F5B5-4D21-9111-773A2D462EBF}"
	ProjectSection(SolutionItems) = preProject
		guide\guide.tex = guide\guide.tex
	EndProjectSection
EndProject
Global
	GlobalSection(SolutionConfigurationPlatforms) = preSolution
		Debug spec|x64 = Debug spec|x64
		Debug spec|x86 = Debug spec|x86
		Debug|x64 = Debug|x64
		Debug|x86 = Debug|x86
		Release spec|x64 = Release spec|x64
		Release spec|x86 = Release spec|x86
		Release|x64 = Release|x64
		Release|x86 = Release|x86
		UnitTest(debug) - ellitpic curve|x64 = UnitTest(debug) - ellitpic curve|x64
		UnitTest(debug) - ellitpic curve|x86 = UnitTest(debug) - ellitpic curve|x86
		UnitTest(debug) - field|x64 = UnitTest(debug) - field|x64
		UnitTest(debug) - field|x86 = UnitTest(debug) - field|x86
		UnitTest(debug) - uint|x64 = UnitTest(debug) - uint|x64
		UnitTest(debug) - uint|x86 = UnitTest(debug) - uint|x86
	EndGlobalSection
	GlobalSection(ProjectConfigurationPlatforms) = postSolution
		{BAA1C108-C83A-4CA9-933F-1BAB448A97DF}.Debug spec|x64.ActiveCfg = Debug|x64
		{BAA1C108-C83A-4CA9-933F-1BAB448A97DF}.Debug spec|x86.ActiveCfg = Debug|Win32
		{BAA1C108-C83A-4CA9-933F-1BAB448A97DF}.Debug spec|x86.Build.0 = Debug|Win32
		{BAA1C108-C83A-4CA9-933F-1BAB448A97DF}.Debug|x64.ActiveCfg = Debug|x64
		{BAA1C108-C83A-4CA9-933F-1BAB448A97DF}.Debug|x64.Build.0 = Debug|x64
		{BAA1C108-C83A-4CA9-933F-1BAB448A97DF}.Debug|x86.ActiveCfg = Debug|Win32
		{BAA1C108-C83A-4CA9-933F-1BAB448A97DF}.Debug|x86.Build.0 = Debug|Win32
		{BAA1C108-C83A-4CA9-933F-1BAB448A97DF}.Release spec|x64.ActiveCfg = Release|x64
		{BAA1C108-C83A-4CA9-933F-1BAB448A97DF}.Release spec|x86.ActiveCfg = Release|Win32
		{BAA1C108-C83A-4CA9-933F-1BAB448A97DF}.Release spec|x86.Build.0 = Release|Win32
		{BAA1C108-C83A-4CA9-933F-1BAB448A97DF}.Release|x64.ActiveCfg = Release|x64
		{BAA1C108-C83A-4CA9-933F-1BAB448A97DF}.Release|x64.Build.0 = Release|x64
		{BAA1C108-C83A-4CA9-933F-1BAB448A97DF}.Release|x86.ActiveCfg = Release|Win32
		{BAA1C108-C83A-4CA9-933F-1BAB448A97DF}.Release|x86.Build.0 = Release|Win32
		{BAA1C108-C83A-4CA9-933F-1BAB448A97DF}.UnitTest(debug) - ellitpic curve|x64.ActiveCfg = Debug|x64
		{BAA1C108-C83A-4CA9-933F-1BAB448A97DF}.UnitTest(debug) - ellitpic curve|x86.ActiveCfg = Debug|Win32
		{BAA1C108-C83A-4CA9-933F-1BAB448A97DF}.UnitTest(debug) - ellitpic curve|x86.Build.0 = Debug|Win32
		{BAA1C108-C83A-4CA9-933F-1BAB448A97DF}.UnitTest(debug) - field|x64.ActiveCfg = Debug|x64
		{BAA1C108-C83A-4CA9-933F-1BAB448A97DF}.UnitTest(debug) - field|x86.ActiveCfg = Debug|Win32
		{BAA1C108-C83A-4CA9-933F-1BAB448A97DF}.UnitTest(debug) - field|x86.Build.0 = Debug|Win32
		{BAA1C108-C83A-4CA9-933F-1BAB448A97DF}.UnitTest(debug) - uint|x64.ActiveCfg = Debug|x64
		{BAA1C108-C83A-4CA9-933F-1BAB448A97DF}.UnitTest(debug) - uint|x64.Build.0 = Debug|x64
		{BAA1C108-C83A-4CA9-933F-1BAB448A97DF}.UnitTest(debug) - uint|x86.ActiveCfg = Debug|Win32
		{BAA1C108-C83A-4CA9-933F-1BAB448A97DF}.UnitTest(debug) - uint|x86.Build.0 = Debug|Win32
		{47B4D5F0-D710-4A7C-B859-EAD6DD505BEF}.Debug spec|x64.ActiveCfg = Debug|x64
		{47B4D5F0-D710-4A7C-B859-EAD6DD505BEF}.Debug spec|x86.ActiveCfg = Debug|Win32
		{47B4D5F0-D710-4A7C-B859-EAD6DD505BEF}.Debug spec|x86.Build.0 = Debug|Win32
		{47B4D5F0-D710-4A7C-B859-EAD6DD505BEF}.Debug|x64.ActiveCfg = Debug|x64
		{47B4D5F0-D710-4A7C-B859-EAD6DD505BEF}.Debug|x64.Build.0 = Debug|x64
		{47B4D5F0-D710-4A7C-B859-EAD6DD505BEF}.Debug|x86.ActiveCfg = Debug|Win32
		{47B4D5F0-D710-4A7C-B859-EAD6DD505BEF}.Debug|x86.Build.0 = Debug|Win32
		{47B4D5F0-D710-4A7C-B859-EAD6DD505BEF}.Release spec|x64.ActiveCfg = Release|x64
		{47B4D5F0-D710-4A7C-B859-EAD6DD505BEF}.Release spec|x86.ActiveCfg = Release|Win32
		{47B4D5F0-D710-4A7C-B859-EAD6DD505BEF}.Release spec|x86.Build.0 = Release|Win32
		{47B4D5F0-D710-4A7C-B859-EAD6DD505BEF}.Release|x64.ActiveCfg = Release|x64
		{47B4D5F0-D710-4A7C-B859-EAD6DD505BEF}.Release|x64.Build.0 = Release|x64
		{47B4D5F0-D710-4A7C-B859-EAD6DD505BEF}.Release|x86.ActiveCfg = Release|Win32
		{47B4D5F0-D710-4A7C-B859-EAD6DD505BEF}.Release|x86.Build.0 = Release|Win32
		{47B4D5F0-D710-4A7C-B859-EAD6DD505BEF}.UnitTest(debug) - ellitpic curve|x64.ActiveCfg = Debug - elliptic curve|x64
		{47B4D5F0-D710-4A7C-B859-EAD6DD505BEF}.UnitTest(debug) - ellitpic curve|x64.Build.0 = Debug - elliptic curve|x64
		{47B4D5F0-D710-4A7C-B859-EAD6DD505BEF}.UnitTest(debug) - ellitpic curve|x86.ActiveCfg = Debug|Win32
		{47B4D5F0-D710-4A7C-B859-EAD6DD505BEF}.UnitTest(debug) - ellitpic curve|x86.Build.0 = Debug|Win32
		{47B4D5F0-D710-4A7C-B859-EAD6DD505BEF}.UnitTest(debug) - field|x64.ActiveCfg = Debug - field|x64
		{47B4D5F0-D710-4A7C-B859-EAD6DD505BEF}.UnitTest(debug) - field|x64.Build.0 = Debug - field|x64
		{47B4D5F0-D710-4A7C-B859-EAD6DD505BEF}.UnitTest(debug) - field|x86.ActiveCfg = Debug|Win32
		{47B4D5F0-D710-4A7C-B859-EAD6DD505BEF}.UnitTest(debug) - field|x86.Build.0 = Debug|Win32
		{47B4D5F0-D710-4A7C-B859-EAD6DD505BEF}.UnitTest(debug) - uint|x64.ActiveCfg = Debug - uint|x64
		{47B4D5F0-D710-4A7C-B859-EAD6DD505BEF}.UnitTest(debug) - uint|x64.Build.0 = Debug - uint|x64
		{47B4D5F0-D710-4A7C-B859-EAD6DD505BEF}.UnitTest(debug) - uint|x86.ActiveCfg = Debug|Win32
		{47B4D5F0-D710-4A7C-B859-EAD6DD505BEF}.UnitTest(debug) - uint|x86.Build.0 = Debug|Win32
		{5F75FC5F-8E1D-46CC-B65E-1073587D42A8}.Debug spec|x64.ActiveCfg = Debug|x64
		{5F75FC5F-8E1D-46CC-B65E-1073587D42A8}.Debug spec|x86.ActiveCfg = Debug|Win32
		{5F75FC5F-8E1D-46CC-B65E-1073587D42A8}.Debug spec|x86.Build.0 = Debug|Win32
		{5F75FC5F-8E1D-46CC-B65E-1073587D42A8}.Debug|x64.ActiveCfg = Debug|x64
		{5F75FC5F-8E1D-46CC-B65E-1073587D42A8}.Debug|x64.Build.0 = Debug|x64
		{5F75FC5F-8E1D-46CC-B65E-1073587D42A8}.Debug|x86.ActiveCfg = Debug|Win32
		{5F75FC5F-8E1D-46CC-B65E-1073587D42A8}.Debug|x86.Build.0 = Debug|Win32
		{5F75FC5F-8E1D-46CC-B65E-1073587D42A8}.Release spec|x64.ActiveCfg = Release|x64
		{5F75FC5F-8E1D-46CC-B65E-1073587D42A8}.Release spec|x86.ActiveCfg = Release|Win32
		{5F75FC5F-8E1D-46CC-B65E-1073587D42A8}.Release spec|x86.Build.0 = Release|Win32
		{5F75FC5F-8E1D-46CC-B65E-1073587D42A8}.Release|x64.ActiveCfg = Release|x64
		{5F75FC5F-8E1D-46CC-B65E-1073587D42A8}.Release|x64.Build.0 = Release|x64
		{5F75FC5F-8E1D-46CC-B65E-1073587D42A8}.Release|x86.ActiveCfg = Release|Win32
		{5F75FC5F-8E1D-46CC-B65E-1073587D42A8}.Release|x86.Build.0 = Release|Win32
		{5F75FC5F-8E1D-46CC-B65E-1073587D42A8}.UnitTest(debug) - ellitpic curve|x64.ActiveCfg = Debug|x64
		{5F75FC5F-8E1D-46CC-B65E-1073587D42A8}.UnitTest(debug) - ellitpic curve|x86.ActiveCfg = Debug|Win32
		{5F75FC5F-8E1D-46CC-B65E-1073587D42A8}.UnitTest(debug) - ellitpic curve|x86.Build.0 = Debug|Win32
		{5F75FC5F-8E1D-46CC-B65E-1073587D42A8}.UnitTest(debug) - field|x64.ActiveCfg = Debug|x64
		{5F75FC5F-8E1D-46CC-B65E-1073587D42A8}.UnitTest(debug) - field|x64.Build.0 = Debug|x64
		{5F75FC5F-8E1D-46CC-B65E-1073587D42A8}.UnitTest(debug) - field|x86.ActiveCfg = Debug|Win32
		{5F75FC5F-8E1D-46CC-B65E-1073587D42A8}.UnitTest(debug) - field|x86.Build.0 = Debug|Win32
		{5F75FC5F-8E1D-46CC-B65E-1073587D42A8}.UnitTest(debug) - uint|x64.ActiveCfg = Debug|x64
		{5F75FC5F-8E1D-46CC-B65E-1073587D42A8}.UnitTest(debug) - uint|x86.ActiveCfg = Debug|Win32
		{5F75FC5F-8E1D-46CC-B65E-1073587D42A8}.UnitTest(debug) - uint|x86.Build.0 = Debug|Win32
		{3B06BBF8-C792-48C2-94FC-E5016E0010BE}.Debug spec|x64.ActiveCfg = Debug|x64
		{3B06BBF8-C792-48C2-94FC-E5016E0010BE}.Debug spec|x86.ActiveCfg = Debug|Win32
		{3B06BBF8-C792-48C2-94FC-E5016E0010BE}.Debug spec|x86.Build.0 = Debug|Win32
		{3B06BBF8-C792-48C2-94FC-E5016E0010BE}.Debug|x64.ActiveCfg = Debug|x64
		{3B06BBF8-C792-48C2-94FC-E5016E0010BE}.Debug|x64.Build.0 = Debug|x64
		{3B06BBF8-C792-48C2-94FC-E5016E0010BE}.Debug|x86.ActiveCfg = Debug|Win32
		{3B06BBF8-C792-48C2-94FC-E5016E0010BE}.Debug|x86.Build.0 = Debug|Win32
		{3B06BBF8-C792-48C2-94FC-E5016E0010BE}.Release spec|x64.ActiveCfg = Release|x64
		{3B06BBF8-C792-48C2-94FC-E5016E0010BE}.Release spec|x86.ActiveCfg = Release|Win32
		{3B06BBF8-C792-48C2-94FC-E5016E0010BE}.Release spec|x86.Build.0 = Release|Win32
		{3B06BBF8-C792-48C2-94FC-E5016E0010BE}.Release|x64.ActiveCfg = Release|x64
		{3B06BBF8-C792-48C2-94FC-E5016E0010BE}.Release|x64.Build.0 = Release|x64
		{3B06BBF8-C792-48C2-94FC-E5016E0010BE}.Release|x86.ActiveCfg = Release|Win32
		{3B06BBF8-C792-48C2-94FC-E5016E0010BE}.Release|x86.Build.0 = Release|Win32
		{3B06BBF8-C792-48C2-94FC-E5016E0010BE}.UnitTest(debug) - ellitpic curve|x64.ActiveCfg = Debug|x64
		{3B06BBF8-C792-48C2-94FC-E5016E0010BE}.UnitTest(debug) - ellitpic curve|x64.Build.0 = Debug|x64
		{3B06BBF8-C792-48C2-94FC-E5016E0010BE}.UnitTest(debug) - ellitpic curve|x86.ActiveCfg = Debug|Win32
		{3B06BBF8-C792-48C2-94FC-E5016E0010BE}.UnitTest(debug) - ellitpic curve|x86.Build.0 = Debug|Win32
		{3B06BBF8-C792-48C2-94FC-E5016E0010BE}.UnitTest(debug) - field|x64.ActiveCfg = Debug|x64
		{3B06BBF8-C792-48C2-94FC-E5016E0010BE}.UnitTest(debug) - field|x86.ActiveCfg = Debug|Win32
		{3B06BBF8-C792-48C2-94FC-E5016E0010BE}.UnitTest(debug) - field|x86.Build.0 = Debug|Win32
		{3B06BBF8-C792-48C2-94FC-E5016E0010BE}.UnitTest(debug) - uint|x64.ActiveCfg = Debug|x64
		{3B06BBF8-C792-48C2-94FC-E5016E0010BE}.UnitTest(debug) - uint|x86.ActiveCfg = Debug|Win32
		{3B06BBF8-C792-48C2-94FC-E5016E0010BE}.UnitTest(debug) - uint|x86.Build.0 = Debug|Win32
		{519ADC6D-3F92-4FD0-9F7D-E4F3C33E0A25}.Debug spec|x64.ActiveCfg = Debug|x64
		{519ADC6D-3F92-4FD0-9F7D-E4F3C33E0A25}.Debug spec|x86.ActiveCfg = Debug|Win32
		{519ADC6D-3F92-4FD0-9F7D-E4F3C33E0A25}.Debug spec|x86.Build.0 = Debug|Win32
		{519ADC6D-3F92-4FD0-9F7D-E4F3C33E0A25}.Debug|x64.ActiveCfg = Debug|x64
		{519ADC6D-3F92-4FD0-9F7D-E4F3C33E0A25}.Debug|x64.Build.0 = Debug|x64
		{519ADC6D-3F92-4FD0-9F7D-E4F3C33E0A25}.Debug|x86.ActiveCfg = Debug|Win32
		{519ADC6D-3F92-4FD0-9F7D-E4F3C33E0A25}.Debug|x86.Build.0 = Debug|Win32
		{519ADC6D-3F92-4FD0-9F7D-E4F3C33E0A25}.Release spec|x64.ActiveCfg = Release|x64
		{519ADC6D-3F92-4FD0-9F7D-E4F3C33E0A25}.Release spec|x86.ActiveCfg = Release|Win32
		{519ADC6D-3F92-4FD0-9F7D-E4F3C33E0A25}.Release spec|x86.Build.0 = Release|Win32
		{519ADC6D-3F92-4FD0-9F7D-E4F3C33E0A25}.Release|x64.ActiveCfg = Release|x64
		{519ADC6D-3F92-4FD0-9F7D-E4F3C33E0A25}.Release|x64.Build.0 = Release|x64
		{519ADC6D-3F92-4FD0-9F7D-E4F3C33E0A25}.Release|x86.ActiveCfg = Release|Win32
		{519ADC6D-3F92-4FD0-9F7D-E4F3C33E0A25}.Release|x86.Build.0 = Release|Win32
		{519ADC6D-3F92-4FD0-9F7D-E4F3C33E0A25}.UnitTest(debug) - ellitpic curve|x64.ActiveCfg = Debug|x64
		{519ADC6D-3F92-4FD0-9F7D-E4F3C33E0A25}.UnitTest(debug) - ellitpic curve|x86.ActiveCfg = Debug|Win32
		{519ADC6D-3F92-4FD0-9F7D-E4F3C33E0A25}.UnitTest(debug) - ellitpic curve|x86.Build.0 = Debug|Win32
		{519ADC6D-3F92-4FD0-9F7D-E4F3C33E0A25}.UnitTest(debug) - field|x64.ActiveCfg = Debug|x64
		{519ADC6D-3F92-4FD0-9F7D-E4F3C33E0A25}.UnitTest(debug) - field|x86.ActiveCfg = Debug|Win32
		{519ADC6D-3F92-4FD0-9F7D-E4F3C33E0A25}.UnitTest(debug) - field|x86.Build.0 = Debug|Win32
		{519ADC6D-3F92-4FD0-9F7D-E4F3C33E0A25}.UnitTest(debug) - uint|x64.ActiveCfg = Debug|x64
		{519ADC6D-3F92-4FD0-9F7D-E4F3C33E0A25}.UnitTest(debug) - uint|x86.ActiveCfg = Debug|Win32
		{519ADC6D-3F92-4FD0-9F7D-E4F3C33E0A25}.UnitTest(debug) - uint|x86.Build.0 = Debug|Win32
		{A5E2DCA0-4A07-4C1E-A87C-488BE9403F27}.Debug spec|x64.ActiveCfg = Debug|x64
		{A5E2DCA0-4A07-4C1E-A87C-488BE9403F27}.Debug spec|x64.Build.0 = Debug|x64
		{A5E2DCA0-4A07-4C1E-A87C-488BE9403F27}.Debug spec|x86.ActiveCfg = Debug|Win32
		{A5E2DCA0-4A07-4C1E-A87C-488BE9403F27}.Debug spec|x86.Build.0 = Debug|Win32
		{A5E2DCA0-4A07-4C1E-A87C-488BE9403F27}.Debug|x64.ActiveCfg = Debug|x64
		{A5E2DCA0-4A07-4C1E-A87C-488BE9403F27}.Debug|x86.ActiveCfg = Debug|Win32
		{A5E2DCA0-4A07-4C1E-A87C-488BE9403F27}.Debug|x86.Build.0 = Debug|Win32
		{A5E2DCA0-4A07-4C1E-A87C-488BE9403F27}.Release spec|x64.ActiveCfg = Release|x64
		{A5E2DCA0-4A07-4C1E-A87C-488BE9403F27}.Release spec|x64.Build.0 = Release|x64
		{A5E2DCA0-4A07-4C1E-A87C-488BE9403F27}.Release spec|x86.ActiveCfg = Release|Win32
		{A5E2DCA0-4A07-4C1E-A87C-488BE9403F27}.Release spec|x86.Build.0 = Release|Win32
		{A5E2DCA0-4A07-4C1E-A87C-488BE9403F27}.Release|x64.ActiveCfg = Release|x64
		{A5E2DCA0-4A07-4C1E-A87C-488BE9403F27}.Release|x86.ActiveCfg = Release|Win32
		{A5E2DCA0-4A07-4C1E-A87C-488BE9403F27}.Release|x86.Build.0 = Release|Win32
		{A5E2DCA0-4A07-4C1E-A87C-488BE9403F27}.UnitTest(debug) - ellitpic curve|x64.ActiveCfg = Debug|x64
		{A5E2DCA0-4A07-4C1E-A87C-488BE9403F27}.UnitTest(debug) - ellitpic curve|x86.ActiveCfg = Debug|Win32
		{A5E2DCA0-4A07-4C1E-A87C-488BE9403F27}.UnitTest(debug) - ellitpic curve|x86.Build.0 = Debug|Win32
		{A5E2DCA0-4A07-4C1E-A87C-488BE9403F27}.UnitTest(debug) - field|x64.ActiveCfg = Debug|x64
		{A5E2DCA0-4A07-4C1E-A87C-488BE9403F27}.UnitTest(debug) - field|x86.ActiveCfg = Debug|Win32
		{A5E2DCA0-4A07-4C1E-A87C-488BE9403F27}.UnitTest(debug) - field|x86.Build.0 = Debug|Win32
		{A5E2DCA0-4A07-4C1E-A87C-488BE9403F27}.UnitTest(debug) - uint|x64.ActiveCfg = Debug|x64
		{A5E2DCA0-4A07-4C1E-A87C-488BE9403F27}.UnitTest(debug) - uint|x86.ActiveCfg = Debug|Win32
		{A5E2DCA0-4A07-4C1E-A87C-488BE9403F27}.UnitTest(debug) - uint|x86.Build.0 = Debug|Win32
		{F915643D-ADA9-4ED3-AADF-FB722B7B2661}.Debug spec|x64.ActiveCfg = Debug|x64
		{F915643D-ADA9-4ED3-AADF-FB722B7B2661}.Debug spec|x86.ActiveCfg = Debug|Win32
		{F915643D-ADA9-4ED3-AADF-FB722B7B2661}.Debug spec|x86.Build.0 = Debug|Win32
		{F915643D-ADA9-4ED3-AADF-FB722B7B2661}.Debug|x64.ActiveCfg = Debug|x64
		{F915643D-ADA9-4ED3-AADF-FB722B7B2661}.Debug|x64.Build.0 = Debug|x64
		{F915643D-ADA9-4ED3-AADF-FB722B7B2661}.Debug|x86.ActiveCfg = Debug|Win32
		{F915643D-ADA9-4ED3-AADF-FB722B7B2661}.Debug|x86.Build.0 = Debug|Win32
		{F915643D-ADA9-4ED3-AADF-FB722B7B2661}.Release spec|x64.ActiveCfg = Release|x64
		{F915643D-ADA9-4ED3-AADF-FB722B7B2661}.Release spec|x86.ActiveCfg = Release|Win32
		{F915643D-ADA9-4ED3-AADF-FB722B7B2661}.Release spec|x86.Build.0 = Release|Win32
		{F915643D-ADA9-4ED3-AADF-FB722B7B2661}.Release|x64.ActiveCfg = Release|x64
		{F915643D-ADA9-4ED3-AADF-FB722B7B2661}.Release|x64.Build.0 = Release|x64
		{F915643D-ADA9-4ED3-AADF-FB722B7B2661}.Release|x86.ActiveCfg = Release|Win32
		{F915643D-ADA9-4ED3-AADF-FB722B7B2661}.Release|x86.Build.0 = Release|Win32
		{F915643D-ADA9-4ED3-AADF-FB722B7B2661}.UnitTest(debug) - ellitpic curve|x64.ActiveCfg = Debug|x64
		{F915643D-ADA9-4ED3-AADF-FB722B7B2661}.UnitTest(debug) - ellitpic curve|x86.ActiveCfg = Debug|Win32
		{F915643D-ADA9-4ED3-AADF-FB722B7B2661}.UnitTest(debug) - ellitpic curve|x86.Build.0 = Debug|Win32
		{F915643D-ADA9-4ED3-AADF-FB722B7B2661}.UnitTest(debug) - field|x64.ActiveCfg = Debug|x64
		{F915643D-ADA9-4ED3-AADF-FB722B7B2661}.UnitTest(debug) - field|x86.ActiveCfg = Debug|Win32
		{F915643D-ADA9-4ED3-AADF-FB722B7B2661}.UnitTest(debug) - field|x86.Build.0 = Debug|Win32
		{F915643D-ADA9-4ED3-AADF-FB722B7B2661}.UnitTest(debug) - uint|x64.ActiveCfg = Debug|x64
		{F915643D-ADA9-4ED3-AADF-FB722B7B2661}.UnitTest(debug) - uint|x86.ActiveCfg = Debug|Win32
		{F915643D-ADA9-4ED3-AADF-FB722B7B2661}.UnitTest(debug) - uint|x86.Build.0 = Debug|Win32
	EndGlobalSection
	GlobalSection(SolutionProperties) = preSolution
		HideSolutionNode = FALSE
	EndGlobalSection
	GlobalSection(NestedProjects) = preSolution
		{FD225C5F-F5B5-4D21-9111-773A2D462EBF} = {3BC065EE-DBC6-4E56-BAA1-43191A65C70B}
	EndGlobalSection
	GlobalSection(ExtensibilityGlobals) = postSolution
		SolutionGuid = {753A4F60-70E9-4FDC-B814-E59206B44E9A}
	EndGlobalSection
EndGlobal
