
Microsoft Visual Studio Solution File, Format Version 12.00
# Visual Studio Version 17
VisualStudioVersion = 17.8.34330.188
MinimumVisualStudioVersion = 10.0.40219.1
Project("{2150E333-8FDC-42A3-9474-1A3956D46DE8}") = "Solution Items", "Solution Items", "{3BC065EE-DBC6-4E56-BAA1-43191A65C70B}"
	ProjectSection(SolutionItems) = preProject
		.clang-format = .clang-format
		.clang-tidy = .clang-tidy
		.gitignore = .gitignore
		.gitmodules = .gitmodules
	EndProjectSection
EndProject
Project("{8BC9CEB8-8B4A-11D0-8D11-00A0C91BC942}") = "uint_test", "tests\uint_test\uint_test.vcxproj", "{BAA1C108-C83A-4CA9-933F-1BAB448A97DF}"
	ProjectSection(ProjectDependencies) = postProject
		{47B4D5F0-D710-4A7C-B859-EAD6DD505BEF} = {47B4D5F0-D710-4A7C-B859-EAD6DD505BEF}
	EndProjectSection
EndProject
Project("{8BC9CEB8-8B4A-11D0-8D11-00A0C91BC942}") = "src", "src\src.vcxproj", "{47B4D5F0-D710-4A7C-B859-EAD6DD505BEF}"
EndProject
Project("{8BC9CEB8-8B4A-11D0-8D11-00A0C91BC942}") = "field_test", "tests\field_test\field_test.vcxproj", "{5F75FC5F-8E1D-46CC-B65E-1073587D42A8}"
EndProject
Project("{8BC9CEB8-8B4A-11D0-8D11-00A0C91BC942}") = "elliptic_curve_test", "tests\elliptic_curve_test\elliptic_curve_test.vcxproj", "{3B06BBF8-C792-48C2-94FC-E5016E0010BE}"
EndProject
Global
	GlobalSection(SolutionConfigurationPlatforms) = preSolution
		Debug|x64 = Debug|x64
		Debug|x86 = Debug|x86
		Release|x64 = Release|x64
		Release|x86 = Release|x86
		UnitTest(debug) - ellitpic curve|x64 = UnitTest(debug) - ellitpic curve|x64
		UnitTest(debug) - ellitpic curve|x86 = UnitTest(debug) - ellitpic curve|x86
		UnitTest(debug) - field|x64 = UnitTest(debug) - field|x64
		UnitTest(debug) - field|x86 = UnitTest(debug) - field|x86
		UnitTest(debug) - uint|x64 = UnitTest(debug) - uint|x64
		UnitTest(debug) - uint|x86 = UnitTest(debug) - uint|x86
	EndGlobalSection
	GlobalSection(ProjectConfigurationPlatforms) = postSolution
		{BAA1C108-C83A-4CA9-933F-1BAB448A97DF}.Debug|x64.ActiveCfg = Debug|x64
		{BAA1C108-C83A-4CA9-933F-1BAB448A97DF}.Debug|x64.Build.0 = Debug|x64
		{BAA1C108-C83A-4CA9-933F-1BAB448A97DF}.Debug|x86.ActiveCfg = Debug|Win32
		{BAA1C108-C83A-4CA9-933F-1BAB448A97DF}.Debug|x86.Build.0 = Debug|Win32
		{BAA1C108-C83A-4CA9-933F-1BAB448A97DF}.Release|x64.ActiveCfg = Release|x64
		{BAA1C108-C83A-4CA9-933F-1BAB448A97DF}.Release|x64.Build.0 = Release|x64
		{BAA1C108-C83A-4CA9-933F-1BAB448A97DF}.Release|x86.ActiveCfg = Release|Win32
		{BAA1C108-C83A-4CA9-933F-1BAB448A97DF}.Release|x86.Build.0 = Release|Win32
		{BAA1C108-C83A-4CA9-933F-1BAB448A97DF}.UnitTest(debug) - ellitpic curve|x64.ActiveCfg = Debug|x64
		{BAA1C108-C83A-4CA9-933F-1BAB448A97DF}.UnitTest(debug) - ellitpic curve|x86.ActiveCfg = Debug|Win32
		{BAA1C108-C83A-4CA9-933F-1BAB448A97DF}.UnitTest(debug) - ellitpic curve|x86.Build.0 = Debug|Win32
		{BAA1C108-C83A-4CA9-933F-1BAB448A97DF}.UnitTest(debug) - field|x64.ActiveCfg = Debug|x64
		{BAA1C108-C83A-4CA9-933F-1BAB448A97DF}.UnitTest(debug) - field|x86.ActiveCfg = Debug|Win32
		{BAA1C108-C83A-4CA9-933F-1BAB448A97DF}.UnitTest(debug) - field|x86.Build.0 = Debug|Win32
		{BAA1C108-C83A-4CA9-933F-1BAB448A97DF}.UnitTest(debug) - uint|x64.ActiveCfg = Debug|x64
		{BAA1C108-C83A-4CA9-933F-1BAB448A97DF}.UnitTest(debug) - uint|x64.Build.0 = Debug|x64
		{BAA1C108-C83A-4CA9-933F-1BAB448A97DF}.UnitTest(debug) - uint|x86.ActiveCfg = Debug|Win32
		{BAA1C108-C83A-4CA9-933F-1BAB448A97DF}.UnitTest(debug) - uint|x86.Build.0 = Debug|Win32
		{47B4D5F0-D710-4A7C-B859-EAD6DD505BEF}.Debug|x64.ActiveCfg = Debug|x64
		{47B4D5F0-D710-4A7C-B859-EAD6DD505BEF}.Debug|x64.Build.0 = Debug|x64
		{47B4D5F0-D710-4A7C-B859-EAD6DD505BEF}.Debug|x86.ActiveCfg = Debug|Win32
		{47B4D5F0-D710-4A7C-B859-EAD6DD505BEF}.Debug|x86.Build.0 = Debug|Win32
		{47B4D5F0-D710-4A7C-B859-EAD6DD505BEF}.Release|x64.ActiveCfg = Release|x64
		{47B4D5F0-D710-4A7C-B859-EAD6DD505BEF}.Release|x64.Build.0 = Release|x64
		{47B4D5F0-D710-4A7C-B859-EAD6DD505BEF}.Release|x86.ActiveCfg = Release|Win32
		{47B4D5F0-D710-4A7C-B859-EAD6DD505BEF}.Release|x86.Build.0 = Release|Win32
		{47B4D5F0-D710-4A7C-B859-EAD6DD505BEF}.UnitTest(debug) - ellitpic curve|x64.ActiveCfg = Debug|x64
		{47B4D5F0-D710-4A7C-B859-EAD6DD505BEF}.UnitTest(debug) - ellitpic curve|x64.Build.0 = Debug|x64
		{47B4D5F0-D710-4A7C-B859-EAD6DD505BEF}.UnitTest(debug) - ellitpic curve|x86.ActiveCfg = Debug|Win32
		{47B4D5F0-D710-4A7C-B859-EAD6DD505BEF}.UnitTest(debug) - ellitpic curve|x86.Build.0 = Debug|Win32
		{47B4D5F0-D710-4A7C-B859-EAD6DD505BEF}.UnitTest(debug) - field|x64.ActiveCfg = Debug - field|x64
		{47B4D5F0-D710-4A7C-B859-EAD6DD505BEF}.UnitTest(debug) - field|x64.Build.0 = Debug - field|x64
		{47B4D5F0-D710-4A7C-B859-EAD6DD505BEF}.UnitTest(debug) - field|x86.ActiveCfg = Debug|Win32
		{47B4D5F0-D710-4A7C-B859-EAD6DD505BEF}.UnitTest(debug) - field|x86.Build.0 = Debug|Win32
		{47B4D5F0-D710-4A7C-B859-EAD6DD505BEF}.UnitTest(debug) - uint|x64.ActiveCfg = Debug - uint|x64
		{47B4D5F0-D710-4A7C-B859-EAD6DD505BEF}.UnitTest(debug) - uint|x64.Build.0 = Debug - uint|x64
		{47B4D5F0-D710-4A7C-B859-EAD6DD505BEF}.UnitTest(debug) - uint|x86.ActiveCfg = Debug|Win32
		{47B4D5F0-D710-4A7C-B859-EAD6DD505BEF}.UnitTest(debug) - uint|x86.Build.0 = Debug|Win32
		{5F75FC5F-8E1D-46CC-B65E-1073587D42A8}.Debug|x64.ActiveCfg = Debug|x64
		{5F75FC5F-8E1D-46CC-B65E-1073587D42A8}.Debug|x64.Build.0 = Debug|x64
		{5F75FC5F-8E1D-46CC-B65E-1073587D42A8}.Debug|x86.ActiveCfg = Debug|Win32
		{5F75FC5F-8E1D-46CC-B65E-1073587D42A8}.Debug|x86.Build.0 = Debug|Win32
		{5F75FC5F-8E1D-46CC-B65E-1073587D42A8}.Release|x64.ActiveCfg = Release|x64
		{5F75FC5F-8E1D-46CC-B65E-1073587D42A8}.Release|x64.Build.0 = Release|x64
		{5F75FC5F-8E1D-46CC-B65E-1073587D42A8}.Release|x86.ActiveCfg = Release|Win32
		{5F75FC5F-8E1D-46CC-B65E-1073587D42A8}.Release|x86.Build.0 = Release|Win32
		{5F75FC5F-8E1D-46CC-B65E-1073587D42A8}.UnitTest(debug) - ellitpic curve|x64.ActiveCfg = Debug|x64
		{5F75FC5F-8E1D-46CC-B65E-1073587D42A8}.UnitTest(debug) - ellitpic curve|x86.ActiveCfg = Debug|Win32
		{5F75FC5F-8E1D-46CC-B65E-1073587D42A8}.UnitTest(debug) - ellitpic curve|x86.Build.0 = Debug|Win32
		{5F75FC5F-8E1D-46CC-B65E-1073587D42A8}.UnitTest(debug) - field|x64.ActiveCfg = Debug|x64
		{5F75FC5F-8E1D-46CC-B65E-1073587D42A8}.UnitTest(debug) - field|x64.Build.0 = Debug|x64
		{5F75FC5F-8E1D-46CC-B65E-1073587D42A8}.UnitTest(debug) - field|x86.ActiveCfg = Debug|Win32
		{5F75FC5F-8E1D-46CC-B65E-1073587D42A8}.UnitTest(debug) - field|x86.Build.0 = Debug|Win32
		{5F75FC5F-8E1D-46CC-B65E-1073587D42A8}.UnitTest(debug) - uint|x64.ActiveCfg = Debug|x64
		{5F75FC5F-8E1D-46CC-B65E-1073587D42A8}.UnitTest(debug) - uint|x86.ActiveCfg = Debug|Win32
		{5F75FC5F-8E1D-46CC-B65E-1073587D42A8}.UnitTest(debug) - uint|x86.Build.0 = Debug|Win32
		{3B06BBF8-C792-48C2-94FC-E5016E0010BE}.Debug|x64.ActiveCfg = Debug|x64
		{3B06BBF8-C792-48C2-94FC-E5016E0010BE}.Debug|x64.Build.0 = Debug|x64
		{3B06BBF8-C792-48C2-94FC-E5016E0010BE}.Debug|x86.ActiveCfg = Debug|Win32
		{3B06BBF8-C792-48C2-94FC-E5016E0010BE}.Debug|x86.Build.0 = Debug|Win32
		{3B06BBF8-C792-48C2-94FC-E5016E0010BE}.Release|x64.ActiveCfg = Release|x64
		{3B06BBF8-C792-48C2-94FC-E5016E0010BE}.Release|x64.Build.0 = Release|x64
		{3B06BBF8-C792-48C2-94FC-E5016E0010BE}.Release|x86.ActiveCfg = Release|Win32
		{3B06BBF8-C792-48C2-94FC-E5016E0010BE}.Release|x86.Build.0 = Release|Win32
		{3B06BBF8-C792-48C2-94FC-E5016E0010BE}.UnitTest(debug) - ellitpic curve|x64.ActiveCfg = Debug|x64
		{3B06BBF8-C792-48C2-94FC-E5016E0010BE}.UnitTest(debug) - ellitpic curve|x64.Build.0 = Debug|x64
		{3B06BBF8-C792-48C2-94FC-E5016E0010BE}.UnitTest(debug) - ellitpic curve|x86.ActiveCfg = Debug|Win32
		{3B06BBF8-C792-48C2-94FC-E5016E0010BE}.UnitTest(debug) - ellitpic curve|x86.Build.0 = Debug|Win32
		{3B06BBF8-C792-48C2-94FC-E5016E0010BE}.UnitTest(debug) - field|x64.ActiveCfg = Debug|x64
		{3B06BBF8-C792-48C2-94FC-E5016E0010BE}.UnitTest(debug) - field|x86.ActiveCfg = Debug|Win32
		{3B06BBF8-C792-48C2-94FC-E5016E0010BE}.UnitTest(debug) - field|x86.Build.0 = Debug|Win32
		{3B06BBF8-C792-48C2-94FC-E5016E0010BE}.UnitTest(debug) - uint|x64.ActiveCfg = Debug|x64
		{3B06BBF8-C792-48C2-94FC-E5016E0010BE}.UnitTest(debug) - uint|x86.ActiveCfg = Debug|Win32
		{3B06BBF8-C792-48C2-94FC-E5016E0010BE}.UnitTest(debug) - uint|x86.Build.0 = Debug|Win32
	EndGlobalSection
	GlobalSection(SolutionProperties) = preSolution
		HideSolutionNode = FALSE
	EndGlobalSection
	GlobalSection(ExtensibilityGlobals) = postSolution
		SolutionGuid = {753A4F60-70E9-4FDC-B814-E59206B44E9A}
	EndGlobalSection
EndGlobal
